
Microsoft Visual Studio Solution File, Format Version 12.00
# Visual Studio Version 17
VisualStudioVersion = 17.9.34902.65
MinimumVisualStudioVersion = 10.0.40219.1
Project("{FAE04EC0-301F-11D3-BF4B-00C04F79EFBC}") = "testwebapp", "testwebapp.csproj", "{7C31DEB5-9592-40E8-9318-0CE76187E2A5}"
EndProject
Global
	GlobalSection(SolutionConfigurationPlatforms) = preSolution
		Debug|Any CPU = Debug|Any CPU
		Release|Any CPU = Release|Any CPU
	EndGlobalSection
	GlobalSection(ProjectConfigurationPlatforms) = postSolution
		{7C31DEB5-9592-40E8-9318-0CE76187E2A5}.Debug|Any CPU.ActiveCfg = Debug|Any CPU
		{7C31DEB5-9592-40E8-9318-0CE76187E2A5}.Debug|Any CPU.Build.0 = Debug|Any CPU
		{7C31DEB5-9592-40E8-9318-0CE76187E2A5}.Release|Any CPU.ActiveCfg = Release|Any CPU
		{7C31DEB5-9592-40E8-9318-0CE76187E2A5}.Release|Any CPU.Build.0 = Release|Any CPU
	EndGlobalSection
	GlobalSection(SolutionProperties) = preSolution
		HideSolutionNode = FALSE
	EndGlobalSection
	GlobalSection(ExtensibilityGlobals) = postSolution
		SolutionGuid = {1987A30C-C367-4C33-B823-2959745E51FF}
	EndGlobalSection
EndGlobal
